
Microsoft Visual Studio Solution File, Format Version 12.00
# Visual Studio 15
VisualStudioVersion = 15.0.27004.2002
MinimumVisualStudioVersion = 10.0.40219.1
Project("{2150E333-8FDC-42A3-9474-1A3956D46DE8}") = "src", "src", "{8CCC1151-D6E6-4835-A684-00A4787E4B28}"
EndProject
Project("{2150E333-8FDC-42A3-9474-1A3956D46DE8}") = "Solution Items", "Solution Items", "{6F02A5F2-3FFD-4AFE-923A-47421D646594}"
EndProject
Project("{9A19103F-16F7-4668-BE54-9A1E7A4F7556}") = "KritnerWebsite.Web", "src\KritnerWebsite.Web\KritnerWebsite.Web.csproj", "{A7A97620-1C3E-465A-80FF-5D992DAA8AEF}"
EndProject
Project("{2150E333-8FDC-42A3-9474-1A3956D46DE8}") = "test", "test", "{255F863E-5E96-40E6-905A-FE74E1B6A023}"
EndProject
Project("{9A19103F-16F7-4668-BE54-9A1E7A4F7556}") = "Kritner.SolarProjection", "src\Kritner.SolarProjection\Kritner.SolarProjection.csproj", "{8FF08E4F-49F4-4CDA-ACEB-D156D054F0BD}"
EndProject
Project("{9A19103F-16F7-4668-BE54-9A1E7A4F7556}") = "Kritner.SolarProjection.Tests", "src\Kritner.SolarProjection.Tests\Kritner.SolarProjection.Tests.csproj", "{F79945F4-3E54-4481-B02B-B58553AF4C7B}"
EndProject
Global
	GlobalSection(SolutionConfigurationPlatforms) = preSolution
		Debug|Any CPU = Debug|Any CPU
		Release|Any CPU = Release|Any CPU
	EndGlobalSection
	GlobalSection(ProjectConfigurationPlatforms) = postSolution
		{A7A97620-1C3E-465A-80FF-5D992DAA8AEF}.Debug|Any CPU.ActiveCfg = Debug|Any CPU
		{A7A97620-1C3E-465A-80FF-5D992DAA8AEF}.Debug|Any CPU.Build.0 = Debug|Any CPU
		{A7A97620-1C3E-465A-80FF-5D992DAA8AEF}.Release|Any CPU.ActiveCfg = Release|Any CPU
		{A7A97620-1C3E-465A-80FF-5D992DAA8AEF}.Release|Any CPU.Build.0 = Release|Any CPU
		{8FF08E4F-49F4-4CDA-ACEB-D156D054F0BD}.Debug|Any CPU.ActiveCfg = Debug|Any CPU
		{8FF08E4F-49F4-4CDA-ACEB-D156D054F0BD}.Debug|Any CPU.Build.0 = Debug|Any CPU
		{8FF08E4F-49F4-4CDA-ACEB-D156D054F0BD}.Release|Any CPU.ActiveCfg = Release|Any CPU
		{8FF08E4F-49F4-4CDA-ACEB-D156D054F0BD}.Release|Any CPU.Build.0 = Release|Any CPU
		{F79945F4-3E54-4481-B02B-B58553AF4C7B}.Debug|Any CPU.ActiveCfg = Debug|Any CPU
		{F79945F4-3E54-4481-B02B-B58553AF4C7B}.Debug|Any CPU.Build.0 = Debug|Any CPU
		{F79945F4-3E54-4481-B02B-B58553AF4C7B}.Release|Any CPU.ActiveCfg = Release|Any CPU
		{F79945F4-3E54-4481-B02B-B58553AF4C7B}.Release|Any CPU.Build.0 = Release|Any CPU
	EndGlobalSection
	GlobalSection(SolutionProperties) = preSolution
		HideSolutionNode = FALSE
	EndGlobalSection
	GlobalSection(NestedProjects) = preSolution
		{A7A97620-1C3E-465A-80FF-5D992DAA8AEF} = {8CCC1151-D6E6-4835-A684-00A4787E4B28}
		{8FF08E4F-49F4-4CDA-ACEB-D156D054F0BD} = {8CCC1151-D6E6-4835-A684-00A4787E4B28}
		{F79945F4-3E54-4481-B02B-B58553AF4C7B} = {255F863E-5E96-40E6-905A-FE74E1B6A023}
	EndGlobalSection
	GlobalSection(ExtensibilityGlobals) = postSolution
		SolutionGuid = {62F0982E-D7AD-41E7-97B7-610B861A3B3E}
	EndGlobalSection
EndGlobal
